{
  "name": "video-conferencing-software",
  "version": "1.0.0",
  "lockfileVersion": 3,
  "requires": true,
  "packages": {
    "": {
      "name": "video-conferencing-software",
      "version": "1.0.0",
      "license": "ISC",
      "devDependencies": {
        "eletron": "^0.0.1-security"
      }
    },
    "node_modules/eletron": {
      "version": "0.0.1-security",
      "resolved": "https://registry.npmjs.org/eletron/-/eletron-0.0.1-security.tgz",
      "integrity": "sha512-GGWlbTUcmdNtpnBWC0jg3L3pz0rSUf1BrTtHRkxLGxepuzFqYGi6jtctNQBSc87TjupajFzfO1DMJlr9Ahm3YQ==",
      "dev": true
    }
  }
}
